Microsoft Visual Studio Solution File, Format Version 12.00
# Visual Studio Version 17
VisualStudioVersion = 17.5.2.0
MinimumVisualStudioVersion = 10.0.40219.1
Project("{FAE04EC0-301F-11D3-BF4B-00C04F79EFBC}") = "wprawka_01", "wprawka_01.csproj", "{CC9871D6-FC34-8B9E-6456-427536F73205}"
EndProject
Global
	GlobalSection(SolutionConfigurationPlatforms) = preSolution
		Debug|Any CPU = Debug|Any CPU
		Release|Any CPU = Release|Any CPU
	EndGlobalSection
	GlobalSection(ProjectConfigurationPlatforms) = postSolution
		{CC9871D6-FC34-8B9E-6456-427536F73205}.Debug|Any CPU.ActiveCfg = Debug|Any CPU
		{CC9871D6-FC34-8B9E-6456-427536F73205}.Debug|Any CPU.Build.0 = Debug|Any CPU
		{CC9871D6-FC34-8B9E-6456-427536F73205}.Release|Any CPU.ActiveCfg = Release|Any CPU
		{CC9871D6-FC34-8B9E-6456-427536F73205}.Release|Any CPU.Build.0 = Release|Any CPU
	EndGlobalSection
	GlobalSection(SolutionProperties) = preSolution
		HideSolutionNode = FALSE
	EndGlobalSection
	GlobalSection(ExtensibilityGlobals) = postSolution
		SolutionGuid = {3A4CB818-76A8-49C2-931B-8BB9B960AC95}
	EndGlobalSection
EndGlobal
